
Microsoft Visual Studio Solution File, Format Version 12.00
# Visual Studio Version 16
VisualStudioVersion = 16.0.30330.147
MinimumVisualStudioVersion = 10.0.40219.1
Project("{FAE04EC0-301F-11D3-BF4B-00C04F79EFBC}") = "LeetCode145", "LeetCode145\LeetCode145.csproj", "{B8BEA0A3-DE6F-406A-835E-E25FB3BED79E}"
EndProject
Project("{FAE04EC0-301F-11D3-BF4B-00C04F79EFBC}") = "LeetCode679", "LeetCode679\LeetCode679.csproj", "{29E14B45-C79B-4CD7-92E1-EC328E9D0809}"
EndProject
Project("{FAE04EC0-301F-11D3-BF4B-00C04F79EFBC}") = "LeetCode701", "LeetCode701\LeetCode701.csproj", "{C070ECF7-8179-4784-8A7A-60E8E1A76F9B}"
EndProject
Project("{FAE04EC0-301F-11D3-BF4B-00C04F79EFBC}") = "LeetCode848", "LeetCode848\LeetCode848.csproj", "{0E703CBF-4D4B-4364-A1E6-DB1F0BB5D52A}"
EndProject
Project("{FAE04EC0-301F-11D3-BF4B-00C04F79EFBC}") = "LeetCode26", "LeetCode26\LeetCode26.csproj", "{FF812045-8BD4-456F-ADFA-82F5683AB980}"
EndProject
Project("{FAE04EC0-301F-11D3-BF4B-00C04F79EFBC}") = "LeetCode141", "LeetCode141\LeetCode141.csproj", "{3DAAC901-6D76-4853-A9B4-07FD0B022EB7}"
EndProject
Project("{FAE04EC0-301F-11D3-BF4B-00C04F79EFBC}") = "LeetCode142", "LeetCode142\LeetCode142.csproj", "{0D1978B5-549B-43DD-A50D-3312DBF48B1D}"
EndProject
Project("{FAE04EC0-301F-11D3-BF4B-00C04F79EFBC}") = "LeetCode754", "LeetCode754\LeetCode754.csproj", "{320503FE-F647-4796-9F0B-252218484790}"
EndProject
Project("{FAE04EC0-301F-11D3-BF4B-00C04F79EFBC}") = "Offer17", "Offer17\Offer17.csproj", "{A91313D9-7EF0-4B2A-9624-CC7EED318087}"
EndProject
Project("{FAE04EC0-301F-11D3-BF4B-00C04F79EFBC}") = "LeetCode530", "LeetCode530\LeetCode530.csproj", "{CE5F464C-D787-4BE0-9C67-2D7CFDA574D5}"
EndProject
Project("{FAE04EC0-301F-11D3-BF4B-00C04F79EFBC}") = "LeetCode1002", "LeetCode1002\LeetCode1002.csproj", "{E2029E32-2B7F-40B5-8E09-BEFB6762E42C}"
EndProject
Project("{FAE04EC0-301F-11D3-BF4B-00C04F79EFBC}") = "LeetCode911", "LeetCode911\LeetCode911.csproj", "{2FB7D66D-CF85-4962-B67C-5A2AC97E2D94}"
EndProject
Project("{FAE04EC0-301F-11D3-BF4B-00C04F79EFBC}") = "LeetCode116", "LeetCode116\LeetCode116.csproj", "{14EA450D-E30D-4EE3-8ADB-9521B795A298}"
EndProject
Project("{FAE04EC0-301F-11D3-BF4B-00C04F79EFBC}") = "LeetCode977", "LeetCode977\LeetCode977.csproj", "{2A5CDDC0-C8E5-455C-A7F5-5361478F400C}"
EndProject
Project("{FAE04EC0-301F-11D3-BF4B-00C04F79EFBC}") = "LeetCode844", "LeetCode844\LeetCode844.csproj", "{4DACF5D0-7846-467A-9DD5-184E8DA534E8}"
EndProject
Project("{FAE04EC0-301F-11D3-BF4B-00C04F79EFBC}") = "LeetCode143", "LeetCode143\LeetCode143.csproj", "{BBAB76AF-1477-4739-8E7B-B5B1562EA3A8}"
EndProject
Project("{FAE04EC0-301F-11D3-BF4B-00C04F79EFBC}") = "LeetCode925", "LeetCode925\LeetCode925.csproj", "{46B69C8C-0BBE-4421-A1F6-76FAD0F4BF7A}"
EndProject
Project("{FAE04EC0-301F-11D3-BF4B-00C04F79EFBC}") = "LeetCode763", "LeetCode763\LeetCode763.csproj", "{A9FDDA2B-99A1-4AE2-B3EB-6856B0D80D43}"
EndProject
Project("{FAE04EC0-301F-11D3-BF4B-00C04F79EFBC}") = "LeetCode234", "LeetCode234\LeetCode234.csproj", "{F9B78E3D-7916-49BB-9BF0-276D79E9598D}"
EndProject
Project("{FAE04EC0-301F-11D3-BF4B-00C04F79EFBC}") = "LeetCode1365", "LeetCode1365\LeetCode1365.csproj", "{4AF44ADC-9136-431C-A81B-9561037AC0A2}"
EndProject
Project("{FAE04EC0-301F-11D3-BF4B-00C04F79EFBC}") = "LeetCode343", "LeetCode343\LeetCode343.csproj", "{5EE7376B-689B-4B23-9A13-7A015BE1B174}"
EndProject
Project("{FAE04EC0-301F-11D3-BF4B-00C04F79EFBC}") = "LeetCode144", "LeetCode144\LeetCode144.csproj", "{3A5CF616-9CF4-4E3D-A2AE-4BADB17BBB17}"
EndProject
Project("{FAE04EC0-301F-11D3-BF4B-00C04F79EFBC}") = "LeetCode1207", "LeetCode1207\LeetCode1207.csproj", "{67CA3557-258D-4091-A462-3894F0BA098B}"
EndProject
Project("{FAE04EC0-301F-11D3-BF4B-00C04F79EFBC}") = "LeetCode794", "LeetCode794\LeetCode794.csproj", "{ED4844EF-596E-48D3-8920-179779F23825}"
EndProject
Project("{FAE04EC0-301F-11D3-BF4B-00C04F79EFBC}") = "LeetCode129", "LeetCode129\LeetCode129.csproj", "{F87FD341-257F-402D-815C-5BA5385E31A6}"
EndProject
Project("{FAE04EC0-301F-11D3-BF4B-00C04F79EFBC}") = "LeetCode463", "LeetCode463\LeetCode463.csproj", "{EEF5033B-DD0F-44F6-AA16-1231630DFA19}"
EndProject
Project("{FAE04EC0-301F-11D3-BF4B-00C04F79EFBC}") = "ConsoleApp1", "ConsoleApp1\ConsoleApp1.csproj", "{9188CE1D-C685-48DE-B708-D5205BEC4307}"
EndProject
Project("{FAE04EC0-301F-11D3-BF4B-00C04F79EFBC}") = "LeetCode349", "LeetCode349\LeetCode349.csproj", "{517DB6BD-EC95-4446-A8D3-09789538FB3C}"
EndProject
Project("{FAE04EC0-301F-11D3-BF4B-00C04F79EFBC}") = "LeetCode371", "LeetCode371\LeetCode371.csproj", "{37446094-67FE-442A-8C19-CD7DDFC6F541}"
EndProject
Project("{FAE04EC0-301F-11D3-BF4B-00C04F79EFBC}") = "Interview16.24", "Interview16.24\Interview16.24.csproj", "{62752D2A-0CD0-4625-B98B-15721C1CBED9}"
EndProject
Project("{FAE04EC0-301F-11D3-BF4B-00C04F79EFBC}") = "LeetCode941", "LeetCode941\LeetCode941.csproj", "{0944DEA0-80EE-4EE8-AFA6-F9014763F78F}"
EndProject
Project("{FAE04EC0-301F-11D3-BF4B-00C04F79EFBC}") = "LeetCode57", "LeetCode57\LeetCode57.csproj", "{2A9CE023-7958-43B4-A72E-1E77CC222F9F}"
EndProject
Project("{FAE04EC0-301F-11D3-BF4B-00C04F79EFBC}") = "LeetCode127", "LeetCode127\LeetCode127.csproj", "{74DCC56C-4A28-4E60-AAC9-F9839DB07061}"
EndProject
Project("{FAE04EC0-301F-11D3-BF4B-00C04F79EFBC}") = "LeetCode1356", "LeetCode1356\LeetCode1356.csproj", "{6EA6D323-B077-4653-A6D0-2ED42FB4DB54}"
EndProject
Project("{FAE04EC0-301F-11D3-BF4B-00C04F79EFBC}") = "LeetCode973", "LeetCode973\LeetCode973.csproj", "{F12F5070-2E90-4C42-B233-7F1AFDC6E549}"
EndProject
Global
	GlobalSection(SolutionConfigurationPlatforms) = preSolution
		Debug|Any CPU = Debug|Any CPU
		Release|Any CPU = Release|Any CPU
	EndGlobalSection
	GlobalSection(ProjectConfigurationPlatforms) = postSolution
		{B8BEA0A3-DE6F-406A-835E-E25FB3BED79E}.Debug|Any CPU.ActiveCfg = Debug|Any CPU
		{B8BEA0A3-DE6F-406A-835E-E25FB3BED79E}.Debug|Any CPU.Build.0 = Debug|Any CPU
		{B8BEA0A3-DE6F-406A-835E-E25FB3BED79E}.Release|Any CPU.ActiveCfg = Release|Any CPU
		{B8BEA0A3-DE6F-406A-835E-E25FB3BED79E}.Release|Any CPU.Build.0 = Release|Any CPU
		{29E14B45-C79B-4CD7-92E1-EC328E9D0809}.Debug|Any CPU.ActiveCfg = Debug|Any CPU
		{29E14B45-C79B-4CD7-92E1-EC328E9D0809}.Debug|Any CPU.Build.0 = Debug|Any CPU
		{29E14B45-C79B-4CD7-92E1-EC328E9D0809}.Release|Any CPU.ActiveCfg = Release|Any CPU
		{29E14B45-C79B-4CD7-92E1-EC328E9D0809}.Release|Any CPU.Build.0 = Release|Any CPU
		{C070ECF7-8179-4784-8A7A-60E8E1A76F9B}.Debug|Any CPU.ActiveCfg = Debug|Any CPU
		{C070ECF7-8179-4784-8A7A-60E8E1A76F9B}.Debug|Any CPU.Build.0 = Debug|Any CPU
		{C070ECF7-8179-4784-8A7A-60E8E1A76F9B}.Release|Any CPU.ActiveCfg = Release|Any CPU
		{C070ECF7-8179-4784-8A7A-60E8E1A76F9B}.Release|Any CPU.Build.0 = Release|Any CPU
		{0E703CBF-4D4B-4364-A1E6-DB1F0BB5D52A}.Debug|Any CPU.ActiveCfg = Debug|Any CPU
		{0E703CBF-4D4B-4364-A1E6-DB1F0BB5D52A}.Debug|Any CPU.Build.0 = Debug|Any CPU
		{0E703CBF-4D4B-4364-A1E6-DB1F0BB5D52A}.Release|Any CPU.ActiveCfg = Release|Any CPU
		{0E703CBF-4D4B-4364-A1E6-DB1F0BB5D52A}.Release|Any CPU.Build.0 = Release|Any CPU
		{FF812045-8BD4-456F-ADFA-82F5683AB980}.Debug|Any CPU.ActiveCfg = Debug|Any CPU
		{FF812045-8BD4-456F-ADFA-82F5683AB980}.Debug|Any CPU.Build.0 = Debug|Any CPU
		{FF812045-8BD4-456F-ADFA-82F5683AB980}.Release|Any CPU.ActiveCfg = Release|Any CPU
		{FF812045-8BD4-456F-ADFA-82F5683AB980}.Release|Any CPU.Build.0 = Release|Any CPU
		{3DAAC901-6D76-4853-A9B4-07FD0B022EB7}.Debug|Any CPU.ActiveCfg = Debug|Any CPU
		{3DAAC901-6D76-4853-A9B4-07FD0B022EB7}.Debug|Any CPU.Build.0 = Debug|Any CPU
		{3DAAC901-6D76-4853-A9B4-07FD0B022EB7}.Release|Any CPU.ActiveCfg = Release|Any CPU
		{3DAAC901-6D76-4853-A9B4-07FD0B022EB7}.Release|Any CPU.Build.0 = Release|Any CPU
		{0D1978B5-549B-43DD-A50D-3312DBF48B1D}.Debug|Any CPU.ActiveCfg = Debug|Any CPU
		{0D1978B5-549B-43DD-A50D-3312DBF48B1D}.Debug|Any CPU.Build.0 = Debug|Any CPU
		{0D1978B5-549B-43DD-A50D-3312DBF48B1D}.Release|Any CPU.ActiveCfg = Release|Any CPU
		{0D1978B5-549B-43DD-A50D-3312DBF48B1D}.Release|Any CPU.Build.0 = Release|Any CPU
		{320503FE-F647-4796-9F0B-252218484790}.Debug|Any CPU.ActiveCfg = Debug|Any CPU
		{320503FE-F647-4796-9F0B-252218484790}.Debug|Any CPU.Build.0 = Debug|Any CPU
		{320503FE-F647-4796-9F0B-252218484790}.Release|Any CPU.ActiveCfg = Release|Any CPU
		{320503FE-F647-4796-9F0B-252218484790}.Release|Any CPU.Build.0 = Release|Any CPU
		{A91313D9-7EF0-4B2A-9624-CC7EED318087}.Debug|Any CPU.ActiveCfg = Debug|Any CPU
		{A91313D9-7EF0-4B2A-9624-CC7EED318087}.Debug|Any CPU.Build.0 = Debug|Any CPU
		{A91313D9-7EF0-4B2A-9624-CC7EED318087}.Release|Any CPU.ActiveCfg = Release|Any CPU
		{A91313D9-7EF0-4B2A-9624-CC7EED318087}.Release|Any CPU.Build.0 = Release|Any CPU
		{CE5F464C-D787-4BE0-9C67-2D7CFDA574D5}.Debug|Any CPU.ActiveCfg = Debug|Any CPU
		{CE5F464C-D787-4BE0-9C67-2D7CFDA574D5}.Debug|Any CPU.Build.0 = Debug|Any CPU
		{CE5F464C-D787-4BE0-9C67-2D7CFDA574D5}.Release|Any CPU.ActiveCfg = Release|Any CPU
		{CE5F464C-D787-4BE0-9C67-2D7CFDA574D5}.Release|Any CPU.Build.0 = Release|Any CPU
		{E2029E32-2B7F-40B5-8E09-BEFB6762E42C}.Debug|Any CPU.ActiveCfg = Debug|Any CPU
		{E2029E32-2B7F-40B5-8E09-BEFB6762E42C}.Debug|Any CPU.Build.0 = Debug|Any CPU
		{E2029E32-2B7F-40B5-8E09-BEFB6762E42C}.Release|Any CPU.ActiveCfg = Release|Any CPU
		{E2029E32-2B7F-40B5-8E09-BEFB6762E42C}.Release|Any CPU.Build.0 = Release|Any CPU
		{2FB7D66D-CF85-4962-B67C-5A2AC97E2D94}.Debug|Any CPU.ActiveCfg = Debug|Any CPU
		{2FB7D66D-CF85-4962-B67C-5A2AC97E2D94}.Debug|Any CPU.Build.0 = Debug|Any CPU
		{2FB7D66D-CF85-4962-B67C-5A2AC97E2D94}.Release|Any CPU.ActiveCfg = Release|Any CPU
		{2FB7D66D-CF85-4962-B67C-5A2AC97E2D94}.Release|Any CPU.Build.0 = Release|Any CPU
		{14EA450D-E30D-4EE3-8ADB-9521B795A298}.Debug|Any CPU.ActiveCfg = Debug|Any CPU
		{14EA450D-E30D-4EE3-8ADB-9521B795A298}.Debug|Any CPU.Build.0 = Debug|Any CPU
		{14EA450D-E30D-4EE3-8ADB-9521B795A298}.Release|Any CPU.ActiveCfg = Release|Any CPU
		{14EA450D-E30D-4EE3-8ADB-9521B795A298}.Release|Any CPU.Build.0 = Release|Any CPU
		{2A5CDDC0-C8E5-455C-A7F5-5361478F400C}.Debug|Any CPU.ActiveCfg = Debug|Any CPU
		{2A5CDDC0-C8E5-455C-A7F5-5361478F400C}.Debug|Any CPU.Build.0 = Debug|Any CPU
		{2A5CDDC0-C8E5-455C-A7F5-5361478F400C}.Release|Any CPU.ActiveCfg = Release|Any CPU
		{2A5CDDC0-C8E5-455C-A7F5-5361478F400C}.Release|Any CPU.Build.0 = Release|Any CPU
		{4DACF5D0-7846-467A-9DD5-184E8DA534E8}.Debug|Any CPU.ActiveCfg = Debug|Any CPU
		{4DACF5D0-7846-467A-9DD5-184E8DA534E8}.Debug|Any CPU.Build.0 = Debug|Any CPU
		{4DACF5D0-7846-467A-9DD5-184E8DA534E8}.Release|Any CPU.ActiveCfg = Release|Any CPU
		{4DACF5D0-7846-467A-9DD5-184E8DA534E8}.Release|Any CPU.Build.0 = Release|Any CPU
		{BBAB76AF-1477-4739-8E7B-B5B1562EA3A8}.Debug|Any CPU.ActiveCfg = Debug|Any CPU
		{BBAB76AF-1477-4739-8E7B-B5B1562EA3A8}.Debug|Any CPU.Build.0 = Debug|Any CPU
		{BBAB76AF-1477-4739-8E7B-B5B1562EA3A8}.Release|Any CPU.ActiveCfg = Release|Any CPU
		{BBAB76AF-1477-4739-8E7B-B5B1562EA3A8}.Release|Any CPU.Build.0 = Release|Any CPU
		{46B69C8C-0BBE-4421-A1F6-76FAD0F4BF7A}.Debug|Any CPU.ActiveCfg = Debug|Any CPU
		{46B69C8C-0BBE-4421-A1F6-76FAD0F4BF7A}.Debug|Any CPU.Build.0 = Debug|Any CPU
		{46B69C8C-0BBE-4421-A1F6-76FAD0F4BF7A}.Release|Any CPU.ActiveCfg = Release|Any CPU
		{46B69C8C-0BBE-4421-A1F6-76FAD0F4BF7A}.Release|Any CPU.Build.0 = Release|Any CPU
		{A9FDDA2B-99A1-4AE2-B3EB-6856B0D80D43}.Debug|Any CPU.ActiveCfg = Debug|Any CPU
		{A9FDDA2B-99A1-4AE2-B3EB-6856B0D80D43}.Debug|Any CPU.Build.0 = Debug|Any CPU
		{A9FDDA2B-99A1-4AE2-B3EB-6856B0D80D43}.Release|Any CPU.ActiveCfg = Release|Any CPU
		{A9FDDA2B-99A1-4AE2-B3EB-6856B0D80D43}.Release|Any CPU.Build.0 = Release|Any CPU
		{F9B78E3D-7916-49BB-9BF0-276D79E9598D}.Debug|Any CPU.ActiveCfg = Debug|Any CPU
		{F9B78E3D-7916-49BB-9BF0-276D79E9598D}.Debug|Any CPU.Build.0 = Debug|Any CPU
		{F9B78E3D-7916-49BB-9BF0-276D79E9598D}.Release|Any CPU.ActiveCfg = Release|Any CPU
		{F9B78E3D-7916-49BB-9BF0-276D79E9598D}.Release|Any CPU.Build.0 = Release|Any CPU
		{4AF44ADC-9136-431C-A81B-9561037AC0A2}.Debug|Any CPU.ActiveCfg = Debug|Any CPU
		{4AF44ADC-9136-431C-A81B-9561037AC0A2}.Debug|Any CPU.Build.0 = Debug|Any CPU
		{4AF44ADC-9136-431C-A81B-9561037AC0A2}.Release|Any CPU.ActiveCfg = Release|Any CPU
		{4AF44ADC-9136-431C-A81B-9561037AC0A2}.Release|Any CPU.Build.0 = Release|Any CPU
		{5EE7376B-689B-4B23-9A13-7A015BE1B174}.Debug|Any CPU.ActiveCfg = Debug|Any CPU
		{5EE7376B-689B-4B23-9A13-7A015BE1B174}.Debug|Any CPU.Build.0 = Debug|Any CPU
		{5EE7376B-689B-4B23-9A13-7A015BE1B174}.Release|Any CPU.ActiveCfg = Release|Any CPU
		{5EE7376B-689B-4B23-9A13-7A015BE1B174}.Release|Any CPU.Build.0 = Release|Any CPU
		{3A5CF616-9CF4-4E3D-A2AE-4BADB17BBB17}.Debug|Any CPU.ActiveCfg = Debug|Any CPU
		{3A5CF616-9CF4-4E3D-A2AE-4BADB17BBB17}.Debug|Any CPU.Build.0 = Debug|Any CPU
		{3A5CF616-9CF4-4E3D-A2AE-4BADB17BBB17}.Release|Any CPU.ActiveCfg = Release|Any CPU
		{3A5CF616-9CF4-4E3D-A2AE-4BADB17BBB17}.Release|Any CPU.Build.0 = Release|Any CPU
		{67CA3557-258D-4091-A462-3894F0BA098B}.Debug|Any CPU.ActiveCfg = Debug|Any CPU
		{67CA3557-258D-4091-A462-3894F0BA098B}.Debug|Any CPU.Build.0 = Debug|Any CPU
		{67CA3557-258D-4091-A462-3894F0BA098B}.Release|Any CPU.ActiveCfg = Release|Any CPU
		{67CA3557-258D-4091-A462-3894F0BA098B}.Release|Any CPU.Build.0 = Release|Any CPU
		{ED4844EF-596E-48D3-8920-179779F23825}.Debug|Any CPU.ActiveCfg = Debug|Any CPU
		{ED4844EF-596E-48D3-8920-179779F23825}.Debug|Any CPU.Build.0 = Debug|Any CPU
		{ED4844EF-596E-48D3-8920-179779F23825}.Release|Any CPU.ActiveCfg = Release|Any CPU
		{ED4844EF-596E-48D3-8920-179779F23825}.Release|Any CPU.Build.0 = Release|Any CPU
		{F87FD341-257F-402D-815C-5BA5385E31A6}.Debug|Any CPU.ActiveCfg = Debug|Any CPU
		{F87FD341-257F-402D-815C-5BA5385E31A6}.Debug|Any CPU.Build.0 = Debug|Any CPU
		{F87FD341-257F-402D-815C-5BA5385E31A6}.Release|Any CPU.ActiveCfg = Release|Any CPU
		{F87FD341-257F-402D-815C-5BA5385E31A6}.Release|Any CPU.Build.0 = Release|Any CPU
		{EEF5033B-DD0F-44F6-AA16-1231630DFA19}.Debug|Any CPU.ActiveCfg = Debug|Any CPU
		{EEF5033B-DD0F-44F6-AA16-1231630DFA19}.Debug|Any CPU.Build.0 = Debug|Any CPU
		{EEF5033B-DD0F-44F6-AA16-1231630DFA19}.Release|Any CPU.ActiveCfg = Release|Any CPU
		{EEF5033B-DD0F-44F6-AA16-1231630DFA19}.Release|Any CPU.Build.0 = Release|Any CPU
		{9188CE1D-C685-48DE-B708-D5205BEC4307}.Debug|Any CPU.ActiveCfg = Debug|Any CPU
		{9188CE1D-C685-48DE-B708-D5205BEC4307}.Debug|Any CPU.Build.0 = Debug|Any CPU
		{9188CE1D-C685-48DE-B708-D5205BEC4307}.Release|Any CPU.ActiveCfg = Release|Any CPU
		{9188CE1D-C685-48DE-B708-D5205BEC4307}.Release|Any CPU.Build.0 = Release|Any CPU
		{517DB6BD-EC95-4446-A8D3-09789538FB3C}.Debug|Any CPU.ActiveCfg = Debug|Any CPU
		{517DB6BD-EC95-4446-A8D3-09789538FB3C}.Debug|Any CPU.Build.0 = Debug|Any CPU
		{517DB6BD-EC95-4446-A8D3-09789538FB3C}.Release|Any CPU.ActiveCfg = Release|Any CPU
		{517DB6BD-EC95-4446-A8D3-09789538FB3C}.Release|Any CPU.Build.0 = Release|Any CPU
		{37446094-67FE-442A-8C19-CD7DDFC6F541}.Debug|Any CPU.ActiveCfg = Debug|Any CPU
		{37446094-67FE-442A-8C19-CD7DDFC6F541}.Debug|Any CPU.Build.0 = Debug|Any CPU
		{37446094-67FE-442A-8C19-CD7DDFC6F541}.Release|Any CPU.ActiveCfg = Release|Any CPU
		{37446094-67FE-442A-8C19-CD7DDFC6F541}.Release|Any CPU.Build.0 = Release|Any CPU
		{62752D2A-0CD0-4625-B98B-15721C1CBED9}.Debug|Any CPU.ActiveCfg = Debug|Any CPU
		{62752D2A-0CD0-4625-B98B-15721C1CBED9}.Debug|Any CPU.Build.0 = Debug|Any CPU
		{62752D2A-0CD0-4625-B98B-15721C1CBED9}.Release|Any CPU.ActiveCfg = Release|Any CPU
		{62752D2A-0CD0-4625-B98B-15721C1CBED9}.Release|Any CPU.Build.0 = Release|Any CPU
		{0944DEA0-80EE-4EE8-AFA6-F9014763F78F}.Debug|Any CPU.ActiveCfg = Debug|Any CPU
		{0944DEA0-80EE-4EE8-AFA6-F9014763F78F}.Debug|Any CPU.Build.0 = Debug|Any CPU
		{0944DEA0-80EE-4EE8-AFA6-F9014763F78F}.Release|Any CPU.ActiveCfg = Release|Any CPU
		{0944DEA0-80EE-4EE8-AFA6-F9014763F78F}.Release|Any CPU.Build.0 = Release|Any CPU
		{2A9CE023-7958-43B4-A72E-1E77CC222F9F}.Debug|Any CPU.ActiveCfg = Debug|Any CPU
		{2A9CE023-7958-43B4-A72E-1E77CC222F9F}.Debug|Any CPU.Build.0 = Debug|Any CPU
		{2A9CE023-7958-43B4-A72E-1E77CC222F9F}.Release|Any CPU.ActiveCfg = Release|Any CPU
		{2A9CE023-7958-43B4-A72E-1E77CC222F9F}.Release|Any CPU.Build.0 = Release|Any CPU
		{74DCC56C-4A28-4E60-AAC9-F9839DB07061}.Debug|Any CPU.ActiveCfg = Debug|Any CPU
		{74DCC56C-4A28-4E60-AAC9-F9839DB07061}.Debug|Any CPU.Build.0 = Debug|Any CPU
		{74DCC56C-4A28-4E60-AAC9-F9839DB07061}.Release|Any CPU.ActiveCfg = Release|Any CPU
		{74DCC56C-4A28-4E60-AAC9-F9839DB07061}.Release|Any CPU.Build.0 = Release|Any CPU
		{6EA6D323-B077-4653-A6D0-2ED42FB4DB54}.Debug|Any CPU.ActiveCfg = Debug|Any CPU
		{6EA6D323-B077-4653-A6D0-2ED42FB4DB54}.Debug|Any CPU.Build.0 = Debug|Any CPU
		{6EA6D323-B077-4653-A6D0-2ED42FB4DB54}.Release|Any CPU.ActiveCfg = Release|Any CPU
		{6EA6D323-B077-4653-A6D0-2ED42FB4DB54}.Release|Any CPU.Build.0 = Release|Any CPU
		{F12F5070-2E90-4C42-B233-7F1AFDC6E549}.Debug|Any CPU.ActiveCfg = Debug|Any CPU
		{F12F5070-2E90-4C42-B233-7F1AFDC6E549}.Debug|Any CPU.Build.0 = Debug|Any CPU
		{F12F5070-2E90-4C42-B233-7F1AFDC6E549}.Release|Any CPU.ActiveCfg = Release|Any CPU
		{F12F5070-2E90-4C42-B233-7F1AFDC6E549}.Release|Any CPU.Build.0 = Release|Any CPU
	EndGlobalSection
	GlobalSection(SolutionProperties) = preSolution
		HideSolutionNode = FALSE
	EndGlobalSection
	GlobalSection(ExtensibilityGlobals) = postSolution
		SolutionGuid = {C5D8F172-728E-48BB-AE19-0BF47525F517}
	EndGlobalSection
EndGlobal
